lockfileVersion: '6.0'

settings:
  autoInstallPeers: true
  excludeLinksFromLockfile: false

dependencies:
  nanoid:
    specifier: ^5.0.5
    version: 5.0.5
  partysocket:
    specifier: ^0.0.25
    version: 0.0.25

devDependencies:
  '@types/node':
    specifier: ^20.11.16
    version: 20.11.16

packages:

  /@types/node@20.11.16:
    resolution: {integrity: sha512-gKb0enTmRCzXSSUJDq6/sPcqrfCv2mkkG6Jt/clpn5eiCbKTY+SgZUxo+p8ZKMof5dCp9vHQUAB7wOUTod22wQ==}
    dependencies:
      undici-types: 5.26.5
    dev: true

  /event-target-shim@6.0.2:
    resolution: {integrity: sha512-8q3LsZjRezbFZ2PN+uP+Q7pnHUMmAOziU2vA2OwoFaKIXxlxl38IylhSSgUorWu/rf4er67w0ikBqjBFk/pomA==}
    engines: {node: '>=10.13.0'}
    dev: false

  /nanoid@5.0.5:
    resolution: {integrity: sha512-/Veqm+QKsyMY3kqi4faWplnY1u+VuKO3dD2binyPIybP31DRO29bPF+1mszgLnrR2KqSLceFLBNw0zmvDzN1QQ==}
    engines: {node: ^18 || >=20}
    hasBin: true
    dev: false

  /partysocket@0.0.25:
    resolution: {integrity: sha512-1oCGA65fydX/FgdnsiBh68buOvfxuteoZVSb3Paci2kRp/7lhF0HyA8EDb5X/O6FxId1e+usPTQNRuzFEvkJbQ==}
    dependencies:
      event-target-shim: 6.0.2
    dev: false

  /undici-types@5.26.5:
    resolution: {integrity: sha512-JlCMO+ehdEIKqlFxk6IfVoAUVmgz7cU7zD/h9XZ0qzeosSHmUJVOzSQvvYSYWXkFXC+IfLKSIffhv0sVZup6pA==}
    dev: true
