lockfileVersion: '6.0'

settings:
  autoInstallPeers: true
  excludeLinksFromLockfile: false

dependencies:
  partysocket:
    specifier: ^0.0.25
    version: 0.0.25

packages:

  /event-target-shim@6.0.2:
    resolution: {integrity: sha512-8q3LsZjRezbFZ2PN+uP+Q7pnHUMmAOziU2vA2OwoFaKIXxlxl38IylhSSgUorWu/rf4er67w0ikBqjBFk/pomA==}
    engines: {node: '>=10.13.0'}
    dev: false

  /partysocket@0.0.25:
    resolution: {integrity: sha512-1oCGA65fydX/FgdnsiBh68buOvfxuteoZVSb3Paci2kRp/7lhF0HyA8EDb5X/O6FxId1e+usPTQNRuzFEvkJbQ==}
    dependencies:
      event-target-shim: 6.0.2
    dev: false
